// !$*UTF8*$!
{
	archiveVersion = 1;
	classes = {
	};
	objectVersion = 46;
	objects = {

/* Begin PBXBuildFile section */
		1041B8FC17261B4A007BA914 /* CryptoCharacter.m in Sources */ = {isa = PBXBuildFile; fileRef = 1041B8FB17261B4A007BA914 /* CryptoCharacter.m */; };
		1041B8FF1726323E007BA914 /* EncryptionKey.m in Sources */ = {isa = PBXBuildFile; fileRef = 1041B8FE1726323E007BA914 /* EncryptionKey.m */; };
		1048AB62172A2B71004FC4F3 /* 1366964736_LogOff-64.png in Resources */ = {isa = PBXBuildFile; fileRef = 1048AB61172A2B71004FC4F3 /* 1366964736_LogOff-64.png */; };
		1048AB64172A2BFA004FC4F3 /* retina logo.png in Resources */ = {isa = PBXBuildFile; fileRef = 1048AB63172A2BFA004FC4F3 /* retina logo.png */; };
		1048AB6A172A33D7004FC4F3 /* title button.png in Resources */ = {isa = PBXBuildFile; fileRef = 1048AB69172A33D7004FC4F3 /* title button.png */; };
		1048AB6E172A3724004FC4F3 /* menu-bg@2x.png in Resources */ = {isa = PBXBuildFile; fileRef = 1048AB6D172A3724004FC4F3 /* menu-bg@2x.png */; };
		1048AB70172A37EA004FC4F3 /* play.png in Resources */ = {isa = PBXBuildFile; fileRef = 1048AB6F172A37EA004FC4F3 /* play.png */; };
		1048AB72172A38C3004FC4F3 /* buttons_bg.png in Resources */ = {isa = PBXBuildFile; fileRef = 1048AB71172A38C2004FC4F3 /* buttons_bg.png */; };
		1048AB74172A4612004FC4F3 /* menu button.png in Resources */ = {isa = PBXBuildFile; fileRef = 1048AB73172A4612004FC4F3 /* menu button.png */; };
		1048AB76172A4F91004FC4F3 /* menu-bg.png in Resources */ = {isa = PBXBuildFile; fileRef = 1048AB75172A4F91004FC4F3 /* menu-bg.png */; };
		1048AB78172A543E004FC4F3 /* key-icon-silver.png in Resources */ = {isa = PBXBuildFile; fileRef = 1048AB77172A543D004FC4F3 /* key-icon-silver.png */; };
		1048AB7A172A582C004FC4F3 /* title-page-bg.png in Resources */ = {isa = PBXBuildFile; fileRef = 1048AB79172A582C004FC4F3 /* title-page-bg.png */; };
		1048AB7C172A5ECA004FC4F3 /* silver-level.png in Resources */ = {isa = PBXBuildFile; fileRef = 1048AB7B172A5EC9004FC4F3 /* silver-level.png */; };
		1048AB7E172A5ED5004FC4F3 /* gold-level.png in Resources */ = {isa = PBXBuildFile; fileRef = 1048AB7D172A5ED5004FC4F3 /* gold-level.png */; };
		1048AB81172A6B73004FC4F3 /* keyboard-bg.png in Resources */ = {isa = PBXBuildFile; fileRef = 1048AB7F172A6B72004FC4F3 /* keyboard-bg.png */; };
		1048AB82172A6B73004FC4F3 /* keyboard-bg@2x.png in Resources */ = {isa = PBXBuildFile; fileRef = 1048AB80172A6B72004FC4F3 /* keyboard-bg@2x.png */; };
		104CF1131727BE3A002ECED1 /* key-icon-gold.png in Resources */ = {isa = PBXBuildFile; fileRef = 104CF1121727BE3A002ECED1 /* key-icon-gold.png */; };
		104CF1211727BFDB002ECED1 /* MessageSolvedViewController.m in Sources */ = {isa = PBXBuildFile; fileRef = 104CF11F1727BFDB002ECED1 /* MessageSolvedViewController.m */; };
		104CF1221727BFDB002ECED1 /* MessageSolvedViewController.xib in Resources */ = {isa = PBXBuildFile; fileRef = 104CF1201727BFDB002ECED1 /* MessageSolvedViewController.xib */; };
		105F9EB21724C9AE00CCD307 /* UIKit.framework in Frameworks */ = {isa = PBXBuildFile; fileRef = 105F9EB11724C9AE00CCD307 /* UIKit.framework */; };
		105F9EB41724C9AE00CCD307 /* Foundation.framework in Frameworks */ = {isa = PBXBuildFile; fileRef = 105F9EB31724C9AE00CCD307 /* Foundation.framework */; };
		105F9EB61724C9AE00CCD307 /* CoreGraphics.framework in Frameworks */ = {isa = PBXBuildFile; fileRef = 105F9EB51724C9AE00CCD307 /* CoreGraphics.framework */; };
		105F9EBC1724C9AE00CCD307 /* InfoPlist.strings in Resources */ = {isa = PBXBuildFile; fileRef = 105F9EBA1724C9AE00CCD307 /* InfoPlist.strings */; };
		105F9EBE1724C9AE00CCD307 /* main.m in Sources */ = {isa = PBXBuildFile; fileRef = 105F9EBD1724C9AE00CCD307 /* main.m */; };
		105F9EC21724C9AE00CCD307 /* AppDelegate.m in Sources */ = {isa = PBXBuildFile; fileRef = 105F9EC11724C9AE00CCD307 /* AppDelegate.m */; };
		105F9EC41724C9AE00CCD307 /* Default.png in Resources */ = {isa = PBXBuildFile; fileRef = 105F9EC31724C9AE00CCD307 /* Default.png */; };
		105F9EC61724C9AE00CCD307 /* Default@2x.png in Resources */ = {isa = PBXBuildFile; fileRef = 105F9EC51724C9AE00CCD307 /* Default@2x.png */; };
		105F9EC81724C9AE00CCD307 /* Default-568h@2x.png in Resources */ = {isa = PBXBuildFile; fileRef = 105F9EC71724C9AE00CCD307 /* Default-568h@2x.png */; };
		105F9ECF1724CB4600CCD307 /* messages.plist in Resources */ = {isa = PBXBuildFile; fileRef = 105F9ECE1724CB4600CCD307 /* messages.plist */; };
		105F9ED21724D0DC00CCD307 /* Cryptogram.m in Sources */ = {isa = PBXBuildFile; fileRef = 105F9ED11724D0DC00CCD307 /* Cryptogram.m */; };
		105F9EDB1724D6DB00CCD307 /* TitlePageController.m in Sources */ = {isa = PBXBuildFile; fileRef = 105F9EDA1724D6DB00CCD307 /* TitlePageController.m */; };
		105F9EDE1724D6E900CCD307 /* MenuController.m in Sources */ = {isa = PBXBuildFile; fileRef = 105F9EDD1724D6E900CCD307 /* MenuController.m */; };
		105F9EE11724D6FE00CCD307 /* GameController.m in Sources */ = {isa = PBXBuildFile; fileRef = 105F9EE01724D6FE00CCD307 /* GameController.m */; };
		105F9EE61724DD8F00CCD307 /* TitlePageController.xib in Resources */ = {isa = PBXBuildFile; fileRef = 105F9EE51724DD8F00CCD307 /* TitlePageController.xib */; };
		105F9EE917250AED00CCD307 /* MenuOption.m in Sources */ = {isa = PBXBuildFile; fileRef = 105F9EE817250AED00CCD307 /* MenuOption.m */; };
		105F9EEF172541EC00CCD307 /* GameController.xib in Resources */ = {isa = PBXBuildFile; fileRef = 105F9EEE172541EC00CCD307 /* GameController.xib */; };
		105F9EF117254B1D00CCD307 /* game_bg.jpg in Resources */ = {isa = PBXBuildFile; fileRef = 105F9EF017254B1D00CCD307 /* game_bg.jpg */; };
		10B60AB2172658460002F3A9 /* black_button.png in Resources */ = {isa = PBXBuildFile; fileRef = 10B60AB1172658460002F3A9 /* black_button.png */; };
		10B60AB417265F990002F3A9 /* iphone_bg.jpg in Resources */ = {isa = PBXBuildFile; fileRef = 10B60AB317265F990002F3A9 /* iphone_bg.jpg */; };
		10B60AB7172662580002F3A9 /* AnswerKey.m in Sources */ = {isa = PBXBuildFile; fileRef = 10B60AB6172662580002F3A9 /* AnswerKey.m */; };
		10B60ABA172666EE0002F3A9 /* KeySelectionButton.m in Sources */ = {isa = PBXBuildFile; fileRef = 10B60AB9172666EE0002F3A9 /* KeySelectionButton.m */; };
		10B60ABD172677410002F3A9 /* DisplayKeys.m in Sources */ = {isa = PBXBuildFile; fileRef = 10B60ABC172677410002F3A9 /* DisplayKeys.m */; };
		10FA91D01729266200B6D705 /* correct.png in Resources */ = {isa = PBXBuildFile; fileRef = 10FA91CF1729266200B6D705 /* correct.png */; };
		10FA91D21729594400B6D705 /* wrong.png in Resources */ = {isa = PBXBuildFile; fileRef = 10FA91D11729594400B6D705 /* wrong.png */; };
/* End PBXBuildFile section */

/* Begin PBXFileReference section */
		1041B8FA17261B4A007BA914 /* CryptoCharacter.h */ = {isa = PBXFileReference; fileEncoding = 4; lastKnownFileType = sourcecode.c.h; path = CryptoCharacter.h; sourceTree = "<group>"; };
		1041B8FB17261B4A007BA914 /* CryptoCharacter.m */ = {isa = PBXFileReference; fileEncoding = 4; lastKnownFileType = sourcecode.c.objc; path = CryptoCharacter.m; sourceTree = "<group>"; };
		1041B8FD1726323E007BA914 /* EncryptionKey.h */ = {isa = PBXFileReference; fileEncoding = 4; lastKnownFileType = sourcecode.c.h; path = EncryptionKey.h; sourceTree = "<group>"; };
		1041B8FE1726323E007BA914 /* EncryptionKey.m */ = {isa = PBXFileReference; fileEncoding = 4; lastKnownFileType = sourcecode.c.objc; path = EncryptionKey.m; sourceTree = "<group>"; };
		1048AB61172A2B71004FC4F3 /* 1366964736_LogOff-64.png */ = {isa = PBXFileReference; lastKnownFileType = image.png; path = "1366964736_LogOff-64.png"; sourceTree = "<group>"; };
		1048AB63172A2BFA004FC4F3 /* retina logo.png */ = {isa = PBXFileReference; lastKnownFileType = image.png; path = "retina logo.png"; sourceTree = "<group>"; };
		1048AB69172A33D7004FC4F3 /* title button.png */ = {isa = PBXFileReference; lastKnownFileType = image.png; path = "title button.png"; sourceTree = "<group>"; };
		1048AB6D172A3724004FC4F3 /* menu-bg@2x.png */ = {isa = PBXFileReference; lastKnownFileType = image.png; path = "menu-bg@2x.png"; sourceTree = "<group>"; };
		1048AB6F172A37EA004FC4F3 /* play.png */ = {isa = PBXFileReference; lastKnownFileType = image.png; path = play.png; sourceTree = "<group>"; };
		1048AB71172A38C2004FC4F3 /* buttons_bg.png */ = {isa = PBXFileReference; lastKnownFileType = image.png; path = buttons_bg.png; sourceTree = "<group>"; };
		1048AB73172A4612004FC4F3 /* menu button.png */ = {isa = PBXFileReference; lastKnownFileType = image.png; path = "menu button.png"; sourceTree = "<group>"; };
		1048AB75172A4F91004FC4F3 /* menu-bg.png */ = {isa = PBXFileReference; lastKnownFileType = image.png; path = "menu-bg.png"; sourceTree = "<group>"; };
		1048AB77172A543D004FC4F3 /* key-icon-silver.png */ = {isa = PBXFileReference; lastKnownFileType = image.png; path = "key-icon-silver.png"; sourceTree = "<group>"; };
		1048AB79172A582C004FC4F3 /* title-page-bg.png */ = {isa = PBXFileReference; lastKnownFileType = image.png; path = "title-page-bg.png"; sourceTree = "<group>"; };
		1048AB7B172A5EC9004FC4F3 /* silver-level.png */ = {isa = PBXFileReference; lastKnownFileType = image.png; path = "silver-level.png"; sourceTree = "<group>"; };
		1048AB7D172A5ED5004FC4F3 /* gold-level.png */ = {isa = PBXFileReference; lastKnownFileType = image.png; path = "gold-level.png"; sourceTree = "<group>"; };
		1048AB7F172A6B72004FC4F3 /* keyboard-bg.png */ = {isa = PBXFileReference; lastKnownFileType = image.png; path = "keyboard-bg.png"; sourceTree = "<group>"; };
		1048AB80172A6B72004FC4F3 /* keyboard-bg@2x.png */ = {isa = PBXFileReference; lastKnownFileType = image.png; path = "keyboard-bg@2x.png"; sourceTree = "<group>"; };
		104CF1121727BE3A002ECED1 /* key-icon-gold.png */ = {isa = PBXFileReference; lastKnownFileType = image.png; path = "key-icon-gold.png"; sourceTree = "<group>"; };
		104CF11E1727BFDB002ECED1 /* MessageSolvedViewController.h */ = {isa = PBXFileReference; fileEncoding = 4; lastKnownFileType = sourcecode.c.h; path = MessageSolvedViewController.h; sourceTree = "<group>"; };
		104CF11F1727BFDB002ECED1 /* MessageSolvedViewController.m */ = {isa = PBXFileReference; fileEncoding = 4; lastKnownFileType = sourcecode.c.objc; path = MessageSolvedViewController.m; sourceTree = "<group>"; };
		104CF1201727BFDB002ECED1 /* MessageSolvedViewController.xib */ = {isa = PBXFileReference; fileEncoding = 4; lastKnownFileType = file.xib; path = MessageSolvedViewController.xib; sourceTree = "<group>"; };
		105F9EAE1724C9AE00CCD307 /* CodeBreak.app */ = {isa = PBXFileReference; explicitFileType = wrapper.application; includeInIndex = 0; path = CodeBreak.app; sourceTree = BUILT_PRODUCTS_DIR; };
		105F9EB11724C9AE00CCD307 /* UIKit.framework */ = {isa = PBXFileReference; lastKnownFileType = wrapper.framework; name = UIKit.framework; path = System/Library/Frameworks/UIKit.framework; sourceTree = SDKROOT; };
		105F9EB31724C9AE00CCD307 /* Foundation.framework */ = {isa = PBXFileReference; lastKnownFileType = wrapper.framework; name = Foundation.framework; path = System/Library/Frameworks/Foundation.framework; sourceTree = SDKROOT; };
		105F9EB51724C9AE00CCD307 /* CoreGraphics.framework */ = {isa = PBXFileReference; lastKnownFileType = wrapper.framework; name = CoreGraphics.framework; path = System/Library/Frameworks/CoreGraphics.framework; sourceTree = SDKROOT; };
		105F9EB91724C9AE00CCD307 /* CodeBreak-Info.plist */ = {isa = PBXFileReference; lastKnownFileType = text.plist.xml; path = "CodeBreak-Info.plist"; sourceTree = "<group>"; };
		105F9EBB1724C9AE00CCD307 /* en */ = {isa = PBXFileReference; lastKnownFileType = text.plist.strings; name = en; path = en.lproj/InfoPlist.strings; sourceTree = "<group>"; };
		105F9EBD1724C9AE00CCD307 /* main.m */ = {isa = PBXFileReference; lastKnownFileType = sourcecode.c.objc; path = main.m; sourceTree = "<group>"; };
		105F9EBF1724C9AE00CCD307 /* CodeBreak-Prefix.pch */ = {isa = PBXFileReference; lastKnownFileType = sourcecode.c.h; path = "CodeBreak-Prefix.pch"; sourceTree = "<group>"; };
		105F9EC01724C9AE00CCD307 /* AppDelegate.h */ = {isa = PBXFileReference; lastKnownFileType = sourcecode.c.h; path = AppDelegate.h; sourceTree = "<group>"; };
		105F9EC11724C9AE00CCD307 /* AppDelegate.m */ = {isa = PBXFileReference; lastKnownFileType = sourcecode.c.objc; path = AppDelegate.m; sourceTree = "<group>"; };
		105F9EC31724C9AE00CCD307 /* Default.png */ = {isa = PBXFileReference; lastKnownFileType = image.png; path = Default.png; sourceTree = "<group>"; };
		105F9EC51724C9AE00CCD307 /* Default@2x.png */ = {isa = PBXFileReference; lastKnownFileType = image.png; path = "Default@2x.png"; sourceTree = "<group>"; };
		105F9EC71724C9AE00CCD307 /* Default-568h@2x.png */ = {isa = PBXFileReference; lastKnownFileType = image.png; path = "Default-568h@2x.png"; sourceTree = "<group>"; };
		105F9ECE1724CB4600CCD307 /* messages.plist */ = {isa = PBXFileReference; fileEncoding = 4; lastKnownFileType = text.plist.xml; path = messages.plist; sourceTree = "<group>"; };
		105F9ED01724D0DC00CCD307 /* Cryptogram.h */ = {isa = PBXFileReference; fileEncoding = 4; lastKnownFileType = sourcecode.c.h; path = Cryptogram.h; sourceTree = "<group>"; };
		105F9ED11724D0DC00CCD307 /* Cryptogram.m */ = {isa = PBXFileReference; fileEncoding = 4; lastKnownFileType = sourcecode.c.objc; path = Cryptogram.m; sourceTree = "<group>"; };
		105F9ED91724D6DB00CCD307 /* TitlePageController.h */ = {isa = PBXFileReference; fileEncoding = 4; lastKnownFileType = sourcecode.c.h; path = TitlePageController.h; sourceTree = "<group>"; };
		105F9EDA1724D6DB00CCD307 /* TitlePageController.m */ = {isa = PBXFileReference; fileEncoding = 4; lastKnownFileType = sourcecode.c.objc; path = TitlePageController.m; sourceTree = "<group>"; };
		105F9EDC1724D6E900CCD307 /* MenuController.h */ = {isa = PBXFileReference; fileEncoding = 4; lastKnownFileType = sourcecode.c.h; path = MenuController.h; sourceTree = "<group>"; };
		105F9EDD1724D6E900CCD307 /* MenuController.m */ = {isa = PBXFileReference; fileEncoding = 4; lastKnownFileType = sourcecode.c.objc; path = MenuController.m; sourceTree = "<group>"; };
		105F9EDF1724D6FE00CCD307 /* GameController.h */ = {isa = PBXFileReference; fileEncoding = 4; lastKnownFileType = sourcecode.c.h; path = GameController.h; sourceTree = "<group>"; };
		105F9EE01724D6FE00CCD307 /* GameController.m */ = {isa = PBXFileReference; fileEncoding = 4; lastKnownFileType = sourcecode.c.objc; path = GameController.m; sourceTree = "<group>"; };
		105F9EE51724DD8F00CCD307 /* TitlePageController.xib */ = {isa = PBXFileReference; fileEncoding = 4; lastKnownFileType = file.xib; path = TitlePageController.xib; sourceTree = "<group>"; };
		105F9EE717250AED00CCD307 /* MenuOption.h */ = {isa = PBXFileReference; fileEncoding = 4; lastKnownFileType = sourcecode.c.h; path = MenuOption.h; sourceTree = "<group>"; };
		105F9EE817250AED00CCD307 /* MenuOption.m */ = {isa = PBXFileReference; fileEncoding = 4; lastKnownFileType = sourcecode.c.objc; path = MenuOption.m; sourceTree = "<group>"; };
		105F9EEE172541EC00CCD307 /* GameController.xib */ = {isa = PBXFileReference; fileEncoding = 4; lastKnownFileType = file.xib; path = GameController.xib; sourceTree = "<group>"; };
		105F9EF017254B1D00CCD307 /* game_bg.jpg */ = {isa = PBXFileReference; lastKnownFileType = image.jpeg; path = game_bg.jpg; sourceTree = "<group>"; };
		10B60AB1172658460002F3A9 /* black_button.png */ = {isa = PBXFileReference; lastKnownFileType = image.png; path = black_button.png; sourceTree = "<group>"; };
		10B60AB317265F990002F3A9 /* iphone_bg.jpg */ = {isa = PBXFileReference; lastKnownFileType = image.jpeg; path = iphone_bg.jpg; sourceTree = "<group>"; };
		10B60AB5172662580002F3A9 /* AnswerKey.h */ = {isa = PBXFileReference; fileEncoding = 4; lastKnownFileType = sourcecode.c.h; path = AnswerKey.h; sourceTree = "<group>"; };
		10B60AB6172662580002F3A9 /* AnswerKey.m */ = {isa = PBXFileReference; fileEncoding = 4; lastKnownFileType = sourcecode.c.objc; path = AnswerKey.m; sourceTree = "<group>"; };
		10B60AB8172666EE0002F3A9 /* KeySelectionButton.h */ = {isa = PBXFileReference; fileEncoding = 4; lastKnownFileType = sourcecode.c.h; path = KeySelectionButton.h; sourceTree = "<group>"; };
		10B60AB9172666EE0002F3A9 /* KeySelectionButton.m */ = {isa = PBXFileReference; fileEncoding = 4; lastKnownFileType = sourcecode.c.objc; path = KeySelectionButton.m; sourceTree = "<group>"; };
		10B60ABB172677410002F3A9 /* DisplayKeys.h */ = {isa = PBXFileReference; fileEncoding = 4; lastKnownFileType = sourcecode.c.h; path = DisplayKeys.h; sourceTree = "<group>"; };
		10B60ABC172677410002F3A9 /* DisplayKeys.m */ = {isa = PBXFileReference; fileEncoding = 4; lastKnownFileType = sourcecode.c.objc; path = DisplayKeys.m; sourceTree = "<group>"; };
		10FA91CF1729266200B6D705 /* correct.png */ = {isa = PBXFileReference; lastKnownFileType = image.png; path = correct.png; sourceTree = "<group>"; };
		10FA91D11729594400B6D705 /* wrong.png */ = {isa = PBXFileReference; lastKnownFileType = image.png; path = wrong.png; sourceTree = "<group>"; };
/* End PBXFileReference section */

/* Begin PBXFrameworksBuildPhase section */
		105F9EAB1724C9AE00CCD307 /* Frameworks */ = {
			isa = PBXFrameworksBuildPhase;
			buildActionMask = 2147483647;
			files = (
				105F9EB21724C9AE00CCD307 /* UIKit.framework in Frameworks */,
				105F9EB41724C9AE00CCD307 /* Foundation.framework in Frameworks */,
				105F9EB61724C9AE00CCD307 /* CoreGraphics.framework in Frameworks */,
			);
			runOnlyForDeploymentPostprocessing = 0;
		};
/* End PBXFrameworksBuildPhase section */

/* Begin PBXGroup section */
		105F9EA51724C9AE00CCD307 = {
			isa = PBXGroup;
			children = (
				1048AB63172A2BFA004FC4F3 /* retina logo.png */,
				1048AB61172A2B71004FC4F3 /* 1366964736_LogOff-64.png */,
				105F9EB71724C9AE00CCD307 /* CodeBreak */,
				105F9EB01724C9AE00CCD307 /* Frameworks */,
				105F9EAF1724C9AE00CCD307 /* Products */,
			);
			sourceTree = "<group>";
		};
		105F9EAF1724C9AE00CCD307 /* Products */ = {
			isa = PBXGroup;
			children = (
				105F9EAE1724C9AE00CCD307 /* CodeBreak.app */,
			);
			name = Products;
			sourceTree = "<group>";
		};
		105F9EB01724C9AE00CCD307 /* Frameworks */ = {
			isa = PBXGroup;
			children = (
				105F9EB11724C9AE00CCD307 /* UIKit.framework */,
				105F9EB31724C9AE00CCD307 /* Foundation.framework */,
				105F9EB51724C9AE00CCD307 /* CoreGraphics.framework */,
			);
			name = Frameworks;
			sourceTree = "<group>";
		};
		105F9EB71724C9AE00CCD307 /* CodeBreak */ = {
			isa = PBXGroup;
			children = (
				105F9EE21724DA6100CCD307 /* Assets */,
				105F9ED51724D60000CCD307 /* Controllers */,
				105F9ED41724D5F200CCD307 /* View */,
				105F9ED31724D0F300CCD307 /* Model */,
				105F9EC01724C9AE00CCD307 /* AppDelegate.h */,
				105F9EC11724C9AE00CCD307 /* AppDelegate.m */,
				105F9EB81724C9AE00CCD307 /* Supporting Files */,
			);
			path = CodeBreak;
			sourceTree = "<group>";
		};
		105F9EB81724C9AE00CCD307 /* Supporting Files */ = {
			isa = PBXGroup;
			children = (
				105F9EB91724C9AE00CCD307 /* CodeBreak-Info.plist */,
				105F9EBA1724C9AE00CCD307 /* InfoPlist.strings */,
				105F9EBD1724C9AE00CCD307 /* main.m */,
				105F9EBF1724C9AE00CCD307 /* CodeBreak-Prefix.pch */,
				105F9EC31724C9AE00CCD307 /* Default.png */,
				105F9EC51724C9AE00CCD307 /* Default@2x.png */,
				105F9EC71724C9AE00CCD307 /* Default-568h@2x.png */,
			);
			name = "Supporting Files";
			sourceTree = "<group>";
		};
		105F9ED31724D0F300CCD307 /* Model */ = {
			isa = PBXGroup;
			children = (
				105F9ECE1724CB4600CCD307 /* messages.plist */,
				105F9ED01724D0DC00CCD307 /* Cryptogram.h */,
				105F9ED11724D0DC00CCD307 /* Cryptogram.m */,
				10B60ABB172677410002F3A9 /* DisplayKeys.h */,
				10B60ABC172677410002F3A9 /* DisplayKeys.m */,
			);
			name = Model;
			sourceTree = "<group>";
		};
		105F9ED41724D5F200CCD307 /* View */ = {
			isa = PBXGroup;
			children = (
				105F9EE717250AED00CCD307 /* MenuOption.h */,
				105F9EE817250AED00CCD307 /* MenuOption.m */,
				1041B8FA17261B4A007BA914 /* CryptoCharacter.h */,
				1041B8FB17261B4A007BA914 /* CryptoCharacter.m */,
				1041B8FD1726323E007BA914 /* EncryptionKey.h */,
				1041B8FE1726323E007BA914 /* EncryptionKey.m */,
				10B60AB5172662580002F3A9 /* AnswerKey.h */,
				10B60AB6172662580002F3A9 /* AnswerKey.m */,
				10B60AB8172666EE0002F3A9 /* KeySelectionButton.h */,
				10B60AB9172666EE0002F3A9 /* KeySelectionButton.m */,
			);
			name = View;
			sourceTree = "<group>";
		};
		105F9ED51724D60000CCD307 /* Controllers */ = {
			isa = PBXGroup;
			children = (
				105F9ED91724D6DB00CCD307 /* TitlePageController.h */,
				105F9EDA1724D6DB00CCD307 /* TitlePageController.m */,
				105F9EE51724DD8F00CCD307 /* TitlePageController.xib */,
				105F9EDC1724D6E900CCD307 /* MenuController.h */,
				105F9EDD1724D6E900CCD307 /* MenuController.m */,
				105F9EDF1724D6FE00CCD307 /* GameController.h */,
				105F9EE01724D6FE00CCD307 /* GameController.m */,
				105F9EEE172541EC00CCD307 /* GameController.xib */,
				104CF11E1727BFDB002ECED1 /* MessageSolvedViewController.h */,
				104CF11F1727BFDB002ECED1 /* MessageSolvedViewController.m */,
				104CF1201727BFDB002ECED1 /* MessageSolvedViewController.xib */,
			);
			name = Controllers;
			sourceTree = "<group>";
		};
		105F9EE21724DA6100CCD307 /* Assets */ = {
			isa = PBXGroup;
			children = (
				1048AB7F172A6B72004FC4F3 /* keyboard-bg.png */,
				1048AB80172A6B72004FC4F3 /* keyboard-bg@2x.png */,
				1048AB7D172A5ED5004FC4F3 /* gold-level.png */,
				1048AB7B172A5EC9004FC4F3 /* silver-level.png */,
				1048AB79172A582C004FC4F3 /* title-page-bg.png */,
				1048AB77172A543D004FC4F3 /* key-icon-silver.png */,
				104CF1121727BE3A002ECED1 /* key-icon-gold.png */,
				1048AB6F172A37EA004FC4F3 /* play.png */,
				10FA91CF1729266200B6D705 /* correct.png */,
				10FA91D11729594400B6D705 /* wrong.png */,
				1048AB75172A4F91004FC4F3 /* menu-bg.png */,
				1048AB6D172A3724004FC4F3 /* menu-bg@2x.png */,
				1048AB73172A4612004FC4F3 /* menu button.png */,
				1048AB71172A38C2004FC4F3 /* buttons_bg.png */,
				1048AB69172A33D7004FC4F3 /* title button.png */,
				10B60AB317265F990002F3A9 /* iphone_bg.jpg */,
				10B60AB1172658460002F3A9 /* black_button.png */,
				105F9EF017254B1D00CCD307 /* game_bg.jpg */,
			);
			name = Assets;
			sourceTree = "<group>";
		};
/* End PBXGroup section */

/* Begin PBXNativeTarget section */
		105F9EAD1724C9AE00CCD307 /* CodeBreak */ = {
			isa = PBXNativeTarget;
			buildConfigurationList = 105F9ECB1724C9AE00CCD307 /* Build configuration list for PBXNativeTarget "CodeBreak" */;
			buildPhases = (
				105F9EAA1724C9AE00CCD307 /* Sources */,
				105F9EAB1724C9AE00CCD307 /* Frameworks */,
				105F9EAC1724C9AE00CCD307 /* Resources */,
			);
			buildRules = (
			);
			dependencies = (
			);
			name = CodeBreak;
			productName = CodeBreak;
			productReference = 105F9EAE1724C9AE00CCD307 /* CodeBreak.app */;
			productType = "com.apple.product-type.application";
		};
/* End PBXNativeTarget section */

/* Begin PBXProject section */
		105F9EA61724C9AE00CCD307 /* Project object */ = {
			isa = PBXProject;
			attributes = {
				LastUpgradeCheck = 0460;
				ORGANIZATIONNAME = "Franz Carelle Alcoba";
			};
			buildConfigurationList = 105F9EA91724C9AE00CCD307 /* Build configuration list for PBXProject "CodeBreak" */;
			compatibilityVersion = "Xcode 3.2";
			developmentRegion = English;
			hasScannedForEncodings = 0;
			knownRegions = (
				en,
			);
			mainGroup = 105F9EA51724C9AE00CCD307;
			productRefGroup = 105F9EAF1724C9AE00CCD307 /* Products */;
			projectDirPath = "";
			projectRoot = "";
			targets = (
				105F9EAD1724C9AE00CCD307 /* CodeBreak */,
			);
		};
/* End PBXProject section */

/* Begin PBXResourcesBuildPhase section */
		105F9EAC1724C9AE00CCD307 /* Resources */ = {
			isa = PBXResourcesBuildPhase;
			buildActionMask = 2147483647;
			files = (
				105F9EBC1724C9AE00CCD307 /* InfoPlist.strings in Resources */,
				105F9EC41724C9AE00CCD307 /* Default.png in Resources */,
				105F9EC61724C9AE00CCD307 /* Default@2x.png in Resources */,
				105F9EC81724C9AE00CCD307 /* Default-568h@2x.png in Resources */,
				105F9ECF1724CB4600CCD307 /* messages.plist in Resources */,
				105F9EE61724DD8F00CCD307 /* TitlePageController.xib in Resources */,
				105F9EEF172541EC00CCD307 /* GameController.xib in Resources */,
				105F9EF117254B1D00CCD307 /* game_bg.jpg in Resources */,
				10B60AB2172658460002F3A9 /* black_button.png in Resources */,
				10B60AB417265F990002F3A9 /* iphone_bg.jpg in Resources */,
				104CF1131727BE3A002ECED1 /* key-icon-gold.png in Resources */,
				104CF1221727BFDB002ECED1 /* MessageSolvedViewController.xib in Resources */,
				10FA91D01729266200B6D705 /* correct.png in Resources */,
				10FA91D21729594400B6D705 /* wrong.png in Resources */,
				1048AB62172A2B71004FC4F3 /* 1366964736_LogOff-64.png in Resources */,
				1048AB64172A2BFA004FC4F3 /* retina logo.png in Resources */,
				1048AB6A172A33D7004FC4F3 /* title button.png in Resources */,
				1048AB6E172A3724004FC4F3 /* menu-bg@2x.png in Resources */,
				1048AB70172A37EA004FC4F3 /* play.png in Resources */,
				1048AB72172A38C3004FC4F3 /* buttons_bg.png in Resources */,
				1048AB74172A4612004FC4F3 /* menu button.png in Resources */,
				1048AB76172A4F91004FC4F3 /* menu-bg.png in Resources */,
				1048AB78172A543E004FC4F3 /* key-icon-silver.png in Resources */,
				1048AB7A172A582C004FC4F3 /* title-page-bg.png in Resources */,
				1048AB7C172A5ECA004FC4F3 /* silver-level.png in Resources */,
				1048AB7E172A5ED5004FC4F3 /* gold-level.png in Resources */,
				1048AB81172A6B73004FC4F3 /* keyboard-bg.png in Resources */,
				1048AB82172A6B73004FC4F3 /* keyboard-bg@2x.png in Resources */,
			);
			runOnlyForDeploymentPostprocessing = 0;
		};
/* End PBXResourcesBuildPhase section */

/* Begin PBXSourcesBuildPhase section */
		105F9EAA1724C9AE00CCD307 /* Sources */ = {
			isa = PBXSourcesBuildPhase;
			buildActionMask = 2147483647;
			files = (
				105F9EBE1724C9AE00CCD307 /* main.m in Sources */,
				105F9EC21724C9AE00CCD307 /* AppDelegate.m in Sources */,
				105F9ED21724D0DC00CCD307 /* Cryptogram.m in Sources */,
				105F9EDB1724D6DB00CCD307 /* TitlePageController.m in Sources */,
				105F9EDE1724D6E900CCD307 /* MenuController.m in Sources */,
				105F9EE11724D6FE00CCD307 /* GameController.m in Sources */,
				105F9EE917250AED00CCD307 /* MenuOption.m in Sources */,
				1041B8FC17261B4A007BA914 /* CryptoCharacter.m in Sources */,
				1041B8FF1726323E007BA914 /* EncryptionKey.m in Sources */,
				10B60AB7172662580002F3A9 /* AnswerKey.m in Sources */,
				10B60ABA172666EE0002F3A9 /* KeySelectionButton.m in Sources */,
				10B60ABD172677410002F3A9 /* DisplayKeys.m in Sources */,
				104CF1211727BFDB002ECED1 /* MessageSolvedViewController.m in Sources */,
			);
			runOnlyForDeploymentPostprocessing = 0;
		};
/* End PBXSourcesBuildPhase section */

/* Begin PBXVariantGroup section */
		105F9EBA1724C9AE00CCD307 /* InfoPlist.strings */ = {
			isa = PBXVariantGroup;
			children = (
				105F9EBB1724C9AE00CCD307 /* en */,
			);
			name = InfoPlist.strings;
			sourceTree = "<group>";
		};
/* End PBXVariantGroup section */

/* Begin XCBuildConfiguration section */
		105F9EC91724C9AE00CCD307 /* Debug */ = {
			isa = XCBuildConfiguration;
			buildSettings = {
				ALWAYS_SEARCH_USER_PATHS = NO;
				CLANG_CXX_LANGUAGE_STANDARD = "gnu++0x";
				CLANG_CXX_LIBRARY = "libc++";
				CLANG_WARN_CONSTANT_CONVERSION = YES;
				CLANG_WARN_EMPTY_BODY = YES;
				CLANG_WARN_ENUM_CONVERSION = YES;
				CLANG_WARN_INT_CONVERSION = YES;
				CLANG_WARN__DUPLICATE_METHOD_MATCH = YES;
				"CODE_SIGN_IDENTITY[sdk=iphoneos*]" = "iPhone Developer";
				COPY_PHASE_STRIP = NO;
				GCC_C_LANGUAGE_STANDARD = gnu99;
				GCC_DYNAMIC_NO_PIC = NO;
				GCC_OPTIMIZATION_LEVEL = 0;
				GCC_PREPROCESSOR_DEFINITIONS = (
					"DEBUG=1",
					"$(inherited)",
				);
				GCC_SYMBOLS_PRIVATE_EXTERN = NO;
				GCC_WARN_ABOUT_RETURN_TYPE = YES;
				GCC_WARN_UNINITIALIZED_AUTOS = YES;
				GCC_WARN_UNUSED_VARIABLE = YES;
				IPHONEOS_DEPLOYMENT_TARGET = 5.1;
				ONLY_ACTIVE_ARCH = YES;
				SDKROOT = iphoneos;
			};
			name = Debug;
		};
		105F9ECA1724C9AE00CCD307 /* Release */ = {
			isa = XCBuildConfiguration;
			buildSettings = {
				ALWAYS_SEARCH_USER_PATHS = NO;
				CLANG_CXX_LANGUAGE_STANDARD = "gnu++0x";
				CLANG_CXX_LIBRARY = "libc++";
				CLANG_WARN_CONSTANT_CONVERSION = YES;
				CLANG_WARN_EMPTY_BODY = YES;
				CLANG_WARN_ENUM_CONVERSION = YES;
				CLANG_WARN_INT_CONVERSION = YES;
				CLANG_WARN__DUPLICATE_METHOD_MATCH = YES;
				"CODE_SIGN_IDENTITY[sdk=iphoneos*]" = "iPhone Developer";
				COPY_PHASE_STRIP = YES;
				GCC_C_LANGUAGE_STANDARD = gnu99;
				GCC_WARN_ABOUT_RETURN_TYPE = YES;
				GCC_WARN_UNINITIALIZED_AUTOS = YES;
				GCC_WARN_UNUSED_VARIABLE = YES;
				IPHONEOS_DEPLOYMENT_TARGET = 5.1;
				OTHER_CFLAGS = "-DNS_BLOCK_ASSERTIONS=1";
				SDKROOT = iphoneos;
				VALIDATE_PRODUCT = YES;
			};
			name = Release;
		};
		105F9ECC1724C9AE00CCD307 /* Debug */ = {
			isa = XCBuildConfiguration;
			buildSettings = {
				GCC_PRECOMPILE_PREFIX_HEADER = YES;
				GCC_PREFIX_HEADER = "CodeBreak/CodeBreak-Prefix.pch";
				INFOPLIST_FILE = "CodeBreak/CodeBreak-Info.plist";
				IPHONEOS_DEPLOYMENT_TARGET = 6.0;
				PRODUCT_NAME = "$(TARGET_NAME)";
				WRAPPER_EXTENSION = app;
			};
			name = Debug;
		};
		105F9ECD1724C9AE00CCD307 /* Release */ = {
			isa = XCBuildConfiguration;
			buildSettings = {
				GCC_PRECOMPILE_PREFIX_HEADER = YES;
				GCC_PREFIX_HEADER = "CodeBreak/CodeBreak-Prefix.pch";
				INFOPLIST_FILE = "CodeBreak/CodeBreak-Info.plist";
				IPHONEOS_DEPLOYMENT_TARGET = 6.0;
				PRODUCT_NAME = "$(TARGET_NAME)";
				WRAPPER_EXTENSION = app;
			};
			name = Release;
		};
/* End XCBuildConfiguration section */

/* Begin XCConfigurationList section */
		105F9EA91724C9AE00CCD307 /* Build configuration list for PBXProject "CodeBreak" */ = {
			isa = XCConfigurationList;
			buildConfigurations = (
				105F9EC91724C9AE00CCD307 /* Debug */,
				105F9ECA1724C9AE00CCD307 /* Release */,
			);
			defaultConfigurationIsVisible = 0;
			defaultConfigurationName = Release;
		};
		105F9ECB1724C9AE00CCD307 /* Build configuration list for PBXNativeTarget "CodeBreak" */ = {
			isa = XCConfigurationList;
			buildConfigurations = (
				105F9ECC1724C9AE00CCD307 /* Debug */,
				105F9ECD1724C9AE00CCD307 /* Release */,
			);
			defaultConfigurationIsVisible = 0;
			defaultConfigurationName = Release;
		};
/* End XCConfigurationList section */
	};
	rootObject = 105F9EA61724C9AE00CCD307 /* Project object */;
}
